
Microsoft Visual Studio Solution File, Format Version 12.00
# Visual Studio 14
VisualStudioVersion = 14.0.22310.1
MinimumVisualStudioVersion = 10.0.40219.1
Project("{FAE04EC0-301F-11D3-BF4B-00C04F79EFBC}") = "KirillsAI2", "KirillsAI2\KirillsAI2.csproj", "{3EE3F4EF-838A-48C2-B13C-837DC0E78C19}"
EndProject
Global
	GlobalSection(SolutionConfigurationPlatforms) = preSolution
		Debug|Any CPU = Debug|Any CPU
		Release|Any CPU = Release|Any CPU
	EndGlobalSection
	GlobalSection(ProjectConfigurationPlatforms) = postSolution
		{3EE3F4EF-838A-48C2-B13C-837DC0E78C19}.Debug|Any CPU.ActiveCfg = Debug|Any CPU
		{3EE3F4EF-838A-48C2-B13C-837DC0E78C19}.Debug|Any CPU.Build.0 = Debug|Any CPU
		{3EE3F4EF-838A-48C2-B13C-837DC0E78C19}.Release|Any CPU.ActiveCfg = Release|Any CPU
		{3EE3F4EF-838A-48C2-B13C-837DC0E78C19}.Release|Any CPU.Build.0 = Release|Any CPU
	EndGlobalSection
	GlobalSection(SolutionProperties) = preSolution
		HideSolutionNode = FALSE
	EndGlobalSection
	GlobalSection(TeamFoundationVersionControl) = preSolution
		SccNumberOfProjects = 2
		SccEnterpriseProvider = {4CA58AB2-18FA-4F8D-95D4-32DDF27D184C}
		SccTeamFoundationServer = https://kirillsai2.visualstudio.com/defaultcollection
		SccLocalPath0 = .
		SccProjectUniqueName1 = KirillsAI2\\KirillsAI2.csproj
		SccProjectName1 = KirillsAI2
		SccLocalPath1 = KirillsAI2
	EndGlobalSection
EndGlobal
